# This file is automatically @generated by Poetry 1.7.0 and should not be changed by hand.

[[package]]
name = "aiosqlite"
version = "0.19.0"
description = "asyncio bridge to the standard sqlite3 module"
optional = false
python-versions = ">=3.7"
files = [
    {file = "aiosqlite-0.19.0-py3-none-any.whl", hash = "sha256:edba222e03453e094a3ce605db1b970c4b3376264e56f32e2a4959f948d66a96"},
    {file = "aiosqlite-0.19.0.tar.gz", hash = "sha256:95ee77b91c8d2808bd08a59fbebf66270e9090c3d92ffbf260dc0db0b979577d"},
]

[package.extras]
dev = ["aiounittest (==1.4.1)", "attribution (==1.6.2)", "black (==23.3.0)", "coverage[toml] (==7.2.3)", "flake8 (==5.0.4)", "flake8-bugbear (==23.3.12)", "flit (==3.7.1)", "mypy (==1.2.0)", "ufmt (==2.1.0)", "usort (==1.0.6)"]
docs = ["sphinx (==6.1.3)", "sphinx-mdinclude (==0.5.3)"]

[[package]]
name = "anyio"
version = "3.7.1"
description = "High level compatibility layer for multiple asynchronous event loop implementations"
optional = false
python-versions = ">=3.7"
files = [
    {file = "anyio-3.7.1-py3-none-any.whl", hash = "sha256:91dee416e570e92c64041bd18b900d1d6fa78dff7048769ce5ac5ddad004fbb5"},
    {file = "anyio-3.7.1.tar.gz", hash = "sha256:44a3c9aba0f5defa43261a8b3efb97891f2bd7d804e0e1f56419befa1adfc780"},
]

[package.dependencies]
exceptiongroup = {version = "*", markers = "python_version < \"3.11\""}
idna = ">=2.8"
sniffio = ">=1.1"

[package.extras]
doc = ["Sphinx", "packaging", "sphinx-autodoc-typehints (>=1.2.0)", "sphinx-rtd-theme (>=1.2.2)", "sphinxcontrib-jquery"]
test = ["anyio[trio]", "coverage[toml] (>=4.5)", "hypothesis (>=4.0)", "mock (>=4)", "psutil (>=5.9)", "pytest (>=7.0)", "pytest-mock (>=3.6.1)", "trustme", "uvloop (>=0.17)"]
trio = ["trio (<0.22)"]

[[package]]
name = "async-timeout"
version = "4.0.3"
description = "Timeout context manager for asyncio programs"
optional = false
python-versions = ">=3.7"
files = [
    {file = "async-timeout-4.0.3.tar.gz", hash = "sha256:4640d96be84d82d02ed59ea2b7105a0f7b33abe8703703cd0ab0bf87c427522f"},
    {file = "async_timeout-4.0.3-py3-none-any.whl", hash = "sha256:7405140ff1230c310e51dc27b3145b9092d659ce68ff733fb0cefe3ee42be028"},
]

[[package]]
name = "click"
version = "8.1.7"
description = "Composable command line interface toolkit"
optional = false
python-versions = ">=3.7"
files = [
    {file = "click-8.1.7-py3-none-any.whl", hash = "sha256:ae74fb96c20a0277a1d615f1e4d73c8414f5a98db8b799a7931d1582f3390c28"},
    {file = "click-8.1.7.tar.gz", hash = "sha256:ca9853ad459e787e2192211578cc907e7594e294c7ccc834310722b41b9ca6de"},
]

[package.dependencies]
colorama = {version = "*", markers = "platform_system == \"Windows\""}

[[package]]
name = "colorama"
version = "0.4.6"
description = "Cross-platform colored terminal text."
optional = false
python-versions = "!=3.0.*,!=3.1.*,!=3.2.*,!=3.3.*,!=3.4.*,!=3.5.*,!=3.6.*,>=2.7"
files = [
    {file = "colorama-0.4.6-py2.py3-none-any.whl", hash = "sha256:4f1d9991f5acc0ca119f9d443620b77f9d6b33703e51011c16baf57afb285fc6"},
    {file = "colorama-0.4.6.tar.gz", hash = "sha256:08695f5cb7ed6e0531a20572697297273c47b8cae5a63ffc6d6ed5c201be6e44"},
]

[[package]]
name = "exceptiongroup"
version = "1.1.3"
description = "Backport of PEP 654 (exception groups)"
optional = false
python-versions = ">=3.7"
files = [
    {file = "exceptiongroup-1.1.3-py3-none-any.whl", hash = "sha256:343280667a4585d195ca1cf9cef84a4e178c4b6cf2274caef9859782b567d5e3"},
    {file = "exceptiongroup-1.1.3.tar.gz", hash = "sha256:097acd85d473d75af5bb98e41b61ff7fe35efe6675e4f9370ec6ec5126d160e9"},
]

[package.extras]
test = ["pytest (>=6)"]

[[package]]
name = "fastapi"
version = "0.104.1"
description = "FastAPI framework, high performance, easy to learn, fast to code, ready for production"
optional = false
python-versions = ">=3.8"
files = [
    {file = "fastapi-0.104.1-py3-none-any.whl", hash = "sha256:752dc31160cdbd0436bb93bad51560b57e525cbb1d4bbf6f4904ceee75548241"},
    {file = "fastapi-0.104.1.tar.gz", hash = "sha256:e5e4540a7c5e1dcfbbcf5b903c234feddcdcd881f191977a1c5dfd917487e7ae"},
]

[package.dependencies]
anyio = ">=3.7.1,<4.0.0"
pydantic = ">=1.7.4,<1.8 || >1.8,<1.8.1 || >1.8.1,<2.0.0 || >2.0.0,<2.0.1 || >2.0.1,<2.1.0 || >2.1.0,<3.0.0"
starlette = ">=0.27.0,<0.28.0"
typing-extensions = ">=4.8.0"

[package.extras]
all = ["email-validator (>=2.0.0)", "httpx (>=0.23.0)", "itsdangerous (>=1.1.0)", "jinja2 (>=2.11.2)", "orjson (>=3.2.1)", "pydantic-extra-types (>=2.0.0)", "pydantic-settings (>=2.0.0)", "python-multipart (>=0.0.5)", "pyyaml (>=5.3.1)", "ujson (>=4.0.1,!=4.0.2,!=4.1.0,!=4.2.0,!=4.3.0,!=5.0.0,!=5.1.0)", "uvicorn[standard] (>=0.12.0)"]

[[package]]
name = "greenlet"
version = "3.0.1"
description = "Lightweight in-process concurrent programming"
optional = false
python-versions = ">=3.7"
files = [
    {file = "greenlet-3.0.1-cp310-cp310-macosx_10_9_universal2.whl", hash = "sha256:f89e21afe925fcfa655965ca8ea10f24773a1791400989ff32f467badfe4a064"},
    {file = "greenlet-3.0.1-cp310-cp310-manylinux_2_17_aarch64.manylinux2014_aarch64.whl", hash = "sha256:28e89e232c7593d33cac35425b58950789962011cc274aa43ef8865f2e11f46d"},
    {file = "greenlet-3.0.1-cp310-cp310-manylinux_2_17_ppc64le.manylinux2014_ppc64le.whl", hash = "sha256:b8ba29306c5de7717b5761b9ea74f9c72b9e2b834e24aa984da99cbfc70157fd"},
    {file = "greenlet-3.0.1-cp310-cp310-manylinux_2_17_s390x.manylinux2014_s390x.whl", hash = "sha256:19bbdf1cce0346ef7341705d71e2ecf6f41a35c311137f29b8a2dc2341374565"},
    {file = "greenlet-3.0.1-cp310-cp310-manylinux_2_17_x86_64.manylinux2014_x86_64.whl", hash = "sha256:599daf06ea59bfedbec564b1692b0166a0045f32b6f0933b0dd4df59a854caf2"},
    {file = "greenlet-3.0.1-cp310-cp310-manylinux_2_24_x86_64.manylinux_2_28_x86_64.whl", hash = "sha256:b641161c302efbb860ae6b081f406839a8b7d5573f20a455539823802c655f63"},
    {file = "greenlet-3.0.1-cp310-cp310-musllinux_1_1_aarch64.whl", hash = "sha256:d57e20ba591727da0c230ab2c3f200ac9d6d333860d85348816e1dca4cc4792e"},
    {file = "greenlet-3.0.1-cp310-cp310-musllinux_1_1_x86_64.whl", hash = "sha256:5805e71e5b570d490938d55552f5a9e10f477c19400c38bf1d5190d760691846"},
    {file = "greenlet-3.0.1-cp310-cp310-win_amd64.whl", hash = "sha256:52e93b28db27ae7d208748f45d2db8a7b6a380e0d703f099c949d0f0d80b70e9"},
    {file = "greenlet-3.0.1-cp311-cp311-macosx_10_9_universal2.whl", hash = "sha256:f7bfb769f7efa0eefcd039dd19d843a4fbfbac52f1878b1da2ed5793ec9b1a65"},
    {file = "greenlet-3.0.1-cp311-cp311-manylinux_2_17_aarch64.manylinux2014_aarch64.whl", hash = "sha256:91e6c7db42638dc45cf2e13c73be16bf83179f7859b07cfc139518941320be96"},
    {file = "greenlet-3.0.1-cp311-cp311-manylinux_2_17_ppc64le.manylinux2014_ppc64le.whl", hash = "sha256:1757936efea16e3f03db20efd0cd50a1c86b06734f9f7338a90c4ba85ec2ad5a"},
    {file = "greenlet-3.0.1-cp311-cp311-manylinux_2_17_s390x.manylinux2014_s390x.whl", hash = "sha256:19075157a10055759066854a973b3d1325d964d498a805bb68a1f9af4aaef8ec"},
    {file = "greenlet-3.0.1-cp311-cp311-manylinux_2_17_x86_64.manylinux2014_x86_64.whl", hash = "sha256:e9d21aaa84557d64209af04ff48e0ad5e28c5cca67ce43444e939579d085da72"},
    {file = "greenlet-3.0.1-cp311-cp311-manylinux_2_24_x86_64.manylinux_2_28_x86_64.whl", hash = "sha256:2847e5d7beedb8d614186962c3d774d40d3374d580d2cbdab7f184580a39d234"},
    {file = "greenlet-3.0.1-cp311-cp311-musllinux_1_1_aarch64.whl", hash = "sha256:97e7ac860d64e2dcba5c5944cfc8fa9ea185cd84061c623536154d5a89237884"},
    {file = "greenlet-3.0.1-cp311-cp311-musllinux_1_1_x86_64.whl", hash = "sha256:b2c02d2ad98116e914d4f3155ffc905fd0c025d901ead3f6ed07385e19122c94"},
    {file = "greenlet-3.0.1-cp311-cp311-win_amd64.whl", hash = "sha256:22f79120a24aeeae2b4471c711dcf4f8c736a2bb2fabad2a67ac9a55ea72523c"},
    {file = "greenlet-3.0.1-cp312-cp312-macosx_10_9_universal2.whl", hash = "sha256:100f78a29707ca1525ea47388cec8a049405147719f47ebf3895e7509c6446aa"},
    {file = "greenlet-3.0.1-cp312-cp312-manylinux_2_17_aarch64.manylinux2014_aarch64.whl", hash = "sha256:60d5772e8195f4e9ebf74046a9121bbb90090f6550f81d8956a05387ba139353"},
    {file = "greenlet-3.0.1-cp312-cp312-manylinux_2_17_ppc64le.manylinux2014_ppc64le.whl", hash = "sha256:daa7197b43c707462f06d2c693ffdbb5991cbb8b80b5b984007de431493a319c"},
    {file = "greenlet-3.0.1-cp312-cp312-manylinux_2_17_s390x.manylinux2014_s390x.whl", hash = "sha256:ea6b8aa9e08eea388c5f7a276fabb1d4b6b9d6e4ceb12cc477c3d352001768a9"},
    {file = "greenlet-3.0.1-cp312-cp312-manylinux_2_17_x86_64.manylinux2014_x86_64.whl", hash = "sha256:8d11ebbd679e927593978aa44c10fc2092bc454b7d13fdc958d3e9d508aba7d0"},
    {file = "greenlet-3.0.1-cp312-cp312-manylinux_2_24_x86_64.manylinux_2_28_x86_64.whl", hash = "sha256:dbd4c177afb8a8d9ba348d925b0b67246147af806f0b104af4d24f144d461cd5"},
    {file = "greenlet-3.0.1-cp312-cp312-musllinux_1_1_aarch64.whl", hash = "sha256:20107edf7c2c3644c67c12205dc60b1bb11d26b2610b276f97d666110d1b511d"},
    {file = "greenlet-3.0.1-cp312-cp312-musllinux_1_1_x86_64.whl", hash = "sha256:8bef097455dea90ffe855286926ae02d8faa335ed8e4067326257cb571fc1445"},
    {file = "greenlet-3.0.1-cp312-cp312-win_amd64.whl", hash = "sha256:b2d3337dcfaa99698aa2377c81c9ca72fcd89c07e7eb62ece3f23a3fe89b2ce4"},
    {file = "greenlet-3.0.1-cp37-cp37m-manylinux_2_17_aarch64.manylinux2014_aarch64.whl", hash = "sha256:80ac992f25d10aaebe1ee15df45ca0d7571d0f70b645c08ec68733fb7a020206"},
    {file = "greenlet-3.0.1-cp37-cp37m-manylinux_2_17_ppc64le.manylinux2014_ppc64le.whl", hash = "sha256:337322096d92808f76ad26061a8f5fccb22b0809bea39212cd6c406f6a7060d2"},
    {file = "greenlet-3.0.1-cp37-cp37m-manylinux_2_17_s390x.manylinux2014_s390x.whl", hash = "sha256:b9934adbd0f6e476f0ecff3c94626529f344f57b38c9a541f87098710b18af0a"},
    {file = "greenlet-3.0.1-cp37-cp37m-manylinux_2_17_x86_64.manylinux2014_x86_64.whl", hash = "sha256:dc4d815b794fd8868c4d67602692c21bf5293a75e4b607bb92a11e821e2b859a"},
    {file = "greenlet-3.0.1-cp37-cp37m-manylinux_2_24_x86_64.manylinux_2_28_x86_64.whl", hash = "sha256:41bdeeb552d814bcd7fb52172b304898a35818107cc8778b5101423c9017b3de"},
    {file = "greenlet-3.0.1-cp37-cp37m-musllinux_1_1_aarch64.whl", hash = "sha256:6e6061bf1e9565c29002e3c601cf68569c450be7fc3f7336671af7ddb4657166"},
    {file = "greenlet-3.0.1-cp37-cp37m-musllinux_1_1_x86_64.whl", hash = "sha256:fa24255ae3c0ab67e613556375a4341af04a084bd58764731972bcbc8baeba36"},
    {file = "greenlet-3.0.1-cp37-cp37m-win32.whl", hash = "sha256:b489c36d1327868d207002391f662a1d163bdc8daf10ab2e5f6e41b9b96de3b1"},
    {file = "greenlet-3.0.1-cp37-cp37m-win_amd64.whl", hash = "sha256:f33f3258aae89da191c6ebaa3bc517c6c4cbc9b9f689e5d8452f7aedbb913fa8"},
    {file = "greenlet-3.0.1-cp38-cp38-macosx_11_0_universal2.whl", hash = "sha256:d2905ce1df400360463c772b55d8e2518d0e488a87cdea13dd2c71dcb2a1fa16"},
    {file = "greenlet-3.0.1-cp38-cp38-manylinux_2_17_aarch64.manylinux2014_aarch64.whl", hash = "sha256:0a02d259510b3630f330c86557331a3b0e0c79dac3d166e449a39363beaae174"},
    {file = "greenlet-3.0.1-cp38-cp38-manylinux_2_17_ppc64le.manylinux2014_ppc64le.whl", hash = "sha256:55d62807f1c5a1682075c62436702aaba941daa316e9161e4b6ccebbbf38bda3"},
    {file = "greenlet-3.0.1-cp38-cp38-manylinux_2_17_s390x.manylinux2014_s390x.whl", hash = "sha256:3fcc780ae8edbb1d050d920ab44790201f027d59fdbd21362340a85c79066a74"},
    {file = "greenlet-3.0.1-cp38-cp38-manylinux_2_17_x86_64.manylinux2014_x86_64.whl", hash = "sha256:4eddd98afc726f8aee1948858aed9e6feeb1758889dfd869072d4465973f6bfd"},
    {file = "greenlet-3.0.1-cp38-cp38-manylinux_2_24_x86_64.manylinux_2_28_x86_64.whl", hash = "sha256:eabe7090db68c981fca689299c2d116400b553f4b713266b130cfc9e2aa9c5a9"},
    {file = "greenlet-3.0.1-cp38-cp38-musllinux_1_1_aarch64.whl", hash = "sha256:f2f6d303f3dee132b322a14cd8765287b8f86cdc10d2cb6a6fae234ea488888e"},
    {file = "greenlet-3.0.1-cp38-cp38-musllinux_1_1_x86_64.whl", hash = "sha256:d923ff276f1c1f9680d32832f8d6c040fe9306cbfb5d161b0911e9634be9ef0a"},
    {file = "greenlet-3.0.1-cp38-cp38-win32.whl", hash = "sha256:0b6f9f8ca7093fd4433472fd99b5650f8a26dcd8ba410e14094c1e44cd3ceddd"},
    {file = "greenlet-3.0.1-cp38-cp38-win_amd64.whl", hash = "sha256:990066bff27c4fcf3b69382b86f4c99b3652bab2a7e685d968cd4d0cfc6f67c6"},
    {file = "greenlet-3.0.1-cp39-cp39-macosx_10_9_universal2.whl", hash = "sha256:ce85c43ae54845272f6f9cd8320d034d7a946e9773c693b27d620edec825e376"},
    {file = "greenlet-3.0.1-cp39-cp39-manylinux_2_17_aarch64.manylinux2014_aarch64.whl", hash = "sha256:89ee2e967bd7ff85d84a2de09df10e021c9b38c7d91dead95b406ed6350c6997"},
    {file = "greenlet-3.0.1-cp39-cp39-manylinux_2_17_ppc64le.manylinux2014_ppc64le.whl", hash = "sha256:87c8ceb0cf8a5a51b8008b643844b7f4a8264a2c13fcbcd8a8316161725383fe"},
    {file = "greenlet-3.0.1-cp39-cp39-manylinux_2_17_s390x.manylinux2014_s390x.whl", hash = "sha256:d6a8c9d4f8692917a3dc7eb25a6fb337bff86909febe2f793ec1928cd97bedfc"},
    {file = "greenlet-3.0.1-cp39-cp39-manylinux_2_17_x86_64.manylinux2014_x86_64.whl", hash = "sha256:9fbc5b8f3dfe24784cee8ce0be3da2d8a79e46a276593db6868382d9c50d97b1"},
    {file = "greenlet-3.0.1-cp39-cp39-manylinux_2_24_x86_64.manylinux_2_28_x86_64.whl", hash = "sha256:85d2b77e7c9382f004b41d9c72c85537fac834fb141b0296942d52bf03fe4a3d"},
    {file = "greenlet-3.0.1-cp39-cp39-musllinux_1_1_aarch64.whl", hash = "sha256:696d8e7d82398e810f2b3622b24e87906763b6ebfd90e361e88eb85b0e554dc8"},
    {file = "greenlet-3.0.1-cp39-cp39-musllinux_1_1_x86_64.whl", hash = "sha256:329c5a2e5a0ee942f2992c5e3ff40be03e75f745f48847f118a3cfece7a28546"},
    {file = "greenlet-3.0.1-cp39-cp39-win32.whl", hash = "sha256:cf868e08690cb89360eebc73ba4be7fb461cfbc6168dd88e2fbbe6f31812cd57"},
    {file = "greenlet-3.0.1-cp39-cp39-win_amd64.whl", hash = "sha256:ac4a39d1abae48184d420aa8e5e63efd1b75c8444dd95daa3e03f6c6310e9619"},
    {file = "greenlet-3.0.1.tar.gz", hash = "sha256:816bd9488a94cba78d93e1abb58000e8266fa9cc2aa9ccdd6eb0696acb24005b"},
]

[package.extras]
docs = ["Sphinx"]
test = ["objgraph", "psutil"]

[[package]]
name = "h11"
version = "0.14.0"
description = "A pure-Python, bring-your-own-I/O implementation of HTTP/1.1"
optional = false
python-versions = ">=3.7"
files = [
    {file = "h11-0.14.0-py3-none-any.whl", hash = "sha256:e3fe4ac4b851c468cc8363d500db52c2ead036020723024a109d37346efaa761"},
    {file = "h11-0.14.0.tar.gz", hash = "sha256:8f19fbbe99e72420ff35c00b27a34cb9937e902a8b810e2c88300c6f0a3b699d"},
]

[[package]]
name = "idna"
version = "3.4"
description = "Internationalized Domain Names in Applications (IDNA)"
optional = false
python-versions = ">=3.5"
files = [
    {file = "idna-3.4-py3-none-any.whl", hash = "sha256:90b77e79eaa3eba6de819a0c442c0b4ceefc341a7a2ab77d7562bf49f425c5c2"},
    {file = "idna-3.4.tar.gz", hash = "sha256:814f528e8dead7d329833b91c5faa87d60bf71824cd12a7530b5526063d02cb4"},
]

[[package]]
name = "pydantic"
version = "1.9.2"
description = "Data validation and settings management using python type hints"
optional = false
python-versions = ">=3.6.1"
files = [
    {file = "pydantic-1.9.2-cp310-cp310-macosx_10_9_x86_64.whl", hash = "sha256:9c9e04a6cdb7a363d7cb3ccf0efea51e0abb48e180c0d31dca8d247967d85c6e"},
    {file = "pydantic-1.9.2-cp310-cp310-macosx_11_0_arm64.whl", hash = "sha256:fafe841be1103f340a24977f61dee76172e4ae5f647ab9e7fd1e1fca51524f08"},
    {file = "pydantic-1.9.2-cp310-cp310-manylinux_2_17_x86_64.manylinux2014_x86_64.whl", hash = "sha256:afacf6d2a41ed91fc631bade88b1d319c51ab5418870802cedb590b709c5ae3c"},
    {file = "pydantic-1.9.2-cp310-cp310-manylinux_2_5_i686.manylinux1_i686.manylinux_2_17_i686.manylinux2014_i686.whl", hash = "sha256:3ee0d69b2a5b341fc7927e92cae7ddcfd95e624dfc4870b32a85568bd65e6131"},
    {file = "pydantic-1.9.2-cp310-cp310-musllinux_1_1_i686.whl", hash = "sha256:ff68fc85355532ea77559ede81f35fff79a6a5543477e168ab3a381887caea76"},
    {file = "pydantic-1.9.2-cp310-cp310-musllinux_1_1_x86_64.whl", hash = "sha256:c0f5e142ef8217019e3eef6ae1b6b55f09a7a15972958d44fbd228214cede567"},
    {file = "pydantic-1.9.2-cp310-cp310-win_amd64.whl", hash = "sha256:615661bfc37e82ac677543704437ff737418e4ea04bef9cf11c6d27346606044"},
    {file = "pydantic-1.9.2-cp36-cp36m-macosx_10_9_x86_64.whl", hash = "sha256:328558c9f2eed77bd8fffad3cef39dbbe3edc7044517f4625a769d45d4cf7555"},
    {file = "pydantic-1.9.2-cp36-cp36m-manylinux_2_17_x86_64.manylinux2014_x86_64.whl", hash = "sha256:2bd446bdb7755c3a94e56d7bdfd3ee92396070efa8ef3a34fab9579fe6aa1d84"},
    {file = "pydantic-1.9.2-cp36-cp36m-manylinux_2_5_i686.manylinux1_i686.manylinux_2_17_i686.manylinux2014_i686.whl", hash = "sha256:e0b214e57623a535936005797567231a12d0da0c29711eb3514bc2b3cd008d0f"},
    {file = "pydantic-1.9.2-cp36-cp36m-musllinux_1_1_i686.whl", hash = "sha256:d8ce3fb0841763a89322ea0432f1f59a2d3feae07a63ea2c958b2315e1ae8adb"},
    {file = "pydantic-1.9.2-cp36-cp36m-musllinux_1_1_x86_64.whl", hash = "sha256:b34ba24f3e2d0b39b43f0ca62008f7ba962cff51efa56e64ee25c4af6eed987b"},
    {file = "pydantic-1.9.2-cp36-cp36m-win_amd64.whl", hash = "sha256:84d76ecc908d917f4684b354a39fd885d69dd0491be175f3465fe4b59811c001"},
    {file = "pydantic-1.9.2-cp37-cp37m-macosx_10_9_x86_64.whl", hash = "sha256:4de71c718c9756d679420c69f216776c2e977459f77e8f679a4a961dc7304a56"},
    {file = "pydantic-1.9.2-cp37-cp37m-manylinux_2_17_x86_64.manylinux2014_x86_64.whl", hash = "sha256:5803ad846cdd1ed0d97eb00292b870c29c1f03732a010e66908ff48a762f20e4"},
    {file = "pydantic-1.9.2-cp37-cp37m-manylinux_2_5_i686.manylinux1_i686.manylinux_2_17_i686.manylinux2014_i686.whl", hash = "sha256:a8c5360a0297a713b4123608a7909e6869e1b56d0e96eb0d792c27585d40757f"},
    {file = "pydantic-1.9.2-cp37-cp37m-musllinux_1_1_i686.whl", hash = "sha256:cdb4272678db803ddf94caa4f94f8672e9a46bae4a44f167095e4d06fec12979"},
    {file = "pydantic-1.9.2-cp37-cp37m-musllinux_1_1_x86_64.whl", hash = "sha256:19b5686387ea0d1ea52ecc4cffb71abb21702c5e5b2ac626fd4dbaa0834aa49d"},
    {file = "pydantic-1.9.2-cp37-cp37m-win_amd64.whl", hash = "sha256:32e0b4fb13ad4db4058a7c3c80e2569adbd810c25e6ca3bbd8b2a9cc2cc871d7"},
    {file = "pydantic-1.9.2-cp38-cp38-macosx_10_9_x86_64.whl", hash = "sha256:91089b2e281713f3893cd01d8e576771cd5bfdfbff5d0ed95969f47ef6d676c3"},
    {file = "pydantic-1.9.2-cp38-cp38-macosx_11_0_arm64.whl", hash = "sha256:e631c70c9280e3129f071635b81207cad85e6c08e253539467e4ead0e5b219aa"},
    {file = "pydantic-1.9.2-cp38-cp38-manylinux_2_17_x86_64.manylinux2014_x86_64.whl", hash = "sha256:4b3946f87e5cef3ba2e7bd3a4eb5a20385fe36521d6cc1ebf3c08a6697c6cfb3"},
    {file = "pydantic-1.9.2-cp38-cp38-manylinux_2_5_i686.manylinux1_i686.manylinux_2_17_i686.manylinux2014_i686.whl", hash = "sha256:5565a49effe38d51882cb7bac18bda013cdb34d80ac336428e8908f0b72499b0"},
    {file = "pydantic-1.9.2-cp38-cp38-musllinux_1_1_i686.whl", hash = "sha256:bd67cb2c2d9602ad159389c29e4ca964b86fa2f35c2faef54c3eb28b4efd36c8"},
    {file = "pydantic-1.9.2-cp38-cp38-musllinux_1_1_x86_64.whl", hash = "sha256:4aafd4e55e8ad5bd1b19572ea2df546ccace7945853832bb99422a79c70ce9b8"},
    {file = "pydantic-1.9.2-cp38-cp38-win_amd64.whl", hash = "sha256:d70916235d478404a3fa8c997b003b5f33aeac4686ac1baa767234a0f8ac2326"},
    {file = "pydantic-1.9.2-cp39-cp39-macosx_10_9_x86_64.whl", hash = "sha256:f0ca86b525264daa5f6b192f216a0d1e860b7383e3da1c65a1908f9c02f42801"},
    {file = "pydantic-1.9.2-cp39-cp39-macosx_11_0_arm64.whl", hash = "sha256:1061c6ee6204f4f5a27133126854948e3b3d51fcc16ead2e5d04378c199b2f44"},
    {file = "pydantic-1.9.2-cp39-cp39-manylinux_2_17_x86_64.manylinux2014_x86_64.whl", hash = "sha256:e78578f0c7481c850d1c969aca9a65405887003484d24f6110458fb02cca7747"},
    {file = "pydantic-1.9.2-cp39-cp39-manylinux_2_5_i686.manylinux1_i686.manylinux_2_17_i686.manylinux2014_i686.whl", hash = "sha256:5da164119602212a3fe7e3bc08911a89db4710ae51444b4224c2382fd09ad453"},
    {file = "pydantic-1.9.2-cp39-cp39-musllinux_1_1_i686.whl", hash = "sha256:7ead3cd020d526f75b4188e0a8d71c0dbbe1b4b6b5dc0ea775a93aca16256aeb"},
    {file = "pydantic-1.9.2-cp39-cp39-musllinux_1_1_x86_64.whl", hash = "sha256:7d0f183b305629765910eaad707800d2f47c6ac5bcfb8c6397abdc30b69eeb15"},
    {file = "pydantic-1.9.2-cp39-cp39-win_amd64.whl", hash = "sha256:f1a68f4f65a9ee64b6ccccb5bf7e17db07caebd2730109cb8a95863cfa9c4e55"},
    {file = "pydantic-1.9.2-py3-none-any.whl", hash = "sha256:78a4d6bdfd116a559aeec9a4cfe77dda62acc6233f8b56a716edad2651023e5e"},
    {file = "pydantic-1.9.2.tar.gz", hash = "sha256:8cb0bc509bfb71305d7a59d00163d5f9fc4530f0881ea32c74ff4f74c85f3d3d"},
]

[package.dependencies]
typing-extensions = ">=3.7.4.3"

[package.extras]
dotenv = ["python-dotenv (>=0.10.4)"]
email = ["email-validator (>=1.0.3)"]

[[package]]
name = "redis"
version = "5.0.1"
description = "Python client for Redis database and key-value store"
optional = false
python-versions = ">=3.7"
files = [
    {file = "redis-5.0.1-py3-none-any.whl", hash = "sha256:ed4802971884ae19d640775ba3b03aa2e7bd5e8fb8dfaed2decce4d0fc48391f"},
    {file = "redis-5.0.1.tar.gz", hash = "sha256:0dab495cd5753069d3bc650a0dde8a8f9edde16fc5691b689a566eda58100d0f"},
]

[package.dependencies]
async-timeout = {version = ">=4.0.2", markers = "python_full_version <= \"3.11.2\""}

[package.extras]
hiredis = ["hiredis (>=1.0.0)"]
ocsp = ["cryptography (>=36.0.1)", "pyopenssl (==20.0.1)", "requests (>=2.26.0)"]

[[package]]
name = "sniffio"
version = "1.3.0"
description = "Sniff out which async library your code is running under"
optional = false
python-versions = ">=3.7"
files = [
    {file = "sniffio-1.3.0-py3-none-any.whl", hash = "sha256:eecefdce1e5bbfb7ad2eeaabf7c1eeb404d7757c379bd1f7e5cce9d8bf425384"},
    {file = "sniffio-1.3.0.tar.gz", hash = "sha256:e60305c5e5d314f5389259b7f22aaa33d8f7dee49763119234af3755c55b9101"},
]

[[package]]
name = "sqlalchemy"
version = "1.4.36"
description = "Database Abstraction Library"
optional = false
python-versions = "!=3.0.*,!=3.1.*,!=3.2.*,!=3.3.*,!=3.4.*,!=3.5.*,>=2.7"
files = [
    {file = "SQLAlchemy-1.4.36-cp27-cp27m-macosx_10_14_x86_64.whl", hash = "sha256:81e53bd383c2c33de9d578bfcc243f559bd3801a0e57f2bcc9a943c790662e0c"},
    {file = "SQLAlchemy-1.4.36-cp27-cp27m-manylinux_2_5_x86_64.manylinux1_x86_64.whl", hash = "sha256:6e1fe00ee85c768807f2a139b83469c1e52a9ffd58a6eb51aa7aeb524325ab18"},
    {file = "SQLAlchemy-1.4.36-cp27-cp27m-win32.whl", hash = "sha256:d57ac32f8dc731fddeb6f5d1358b4ca5456e72594e664769f0a9163f13df2a31"},
    {file = "SQLAlchemy-1.4.36-cp27-cp27m-win_amd64.whl", hash = "sha256:fca8322e04b2dde722fcb0558682740eebd3bd239bea7a0d0febbc190e99dc15"},
    {file = "SQLAlchemy-1.4.36-cp27-cp27mu-manylinux_2_5_x86_64.manylinux1_x86_64.whl", hash = "sha256:53d2d9ee93970c969bc4e3c78b1277d7129554642f6ffea039c282c7dc4577bc"},
    {file = "SQLAlchemy-1.4.36-cp310-cp310-macosx_10_15_x86_64.whl", hash = "sha256:f0394a3acfb8925db178f7728adb38c027ed7e303665b225906bfa8099dc1ce8"},
    {file = "SQLAlchemy-1.4.36-cp310-cp310-manylinux_2_17_aarch64.manylinux2014_aarch64.whl", hash = "sha256:09c606d8238feae2f360b8742ffbe67741937eb0a05b57f536948d198a3def96"},
    {file = "SQLAlchemy-1.4.36-cp310-cp310-manylinux_2_5_x86_64.manylinux1_x86_64.manylinux_2_12_x86_64.manylinux2010_x86_64.whl", hash = "sha256:8d07fe2de0325d06e7e73281e9a9b5e259fbd7cbfbe398a0433cbb0082ad8fa7"},
    {file = "SQLAlchemy-1.4.36-cp310-cp310-manylinux_2_5_x86_64.manylinux1_x86_64.manylinux_2_17_x86_64.manylinux2014_x86_64.whl", hash = "sha256:5041474dcab7973baa91ec1f3112049a9dd4652898d6a95a6a895ff5c58beb6b"},
    {file = "SQLAlchemy-1.4.36-cp310-cp310-win32.whl", hash = "sha256:be094460930087e50fd08297db9d7aadaed8408ad896baf758e9190c335632da"},
    {file = "SQLAlchemy-1.4.36-cp310-cp310-win_amd64.whl", hash = "sha256:64d796e9af522162f7f2bf7a3c5531a0a550764c426782797bbeed809d0646c5"},
    {file = "SQLAlchemy-1.4.36-cp36-cp36m-macosx_10_14_x86_64.whl", hash = "sha256:a0ae3aa2e86a4613f2d4c49eb7da23da536e6ce80b2bfd60bbb2f55fc02b0b32"},
    {file = "SQLAlchemy-1.4.36-cp36-cp36m-manylinux_2_17_aarch64.manylinux2014_aarch64.whl", hash = "sha256:5d50cb71c1dbed70646d521a0975fb0f92b7c3f84c61fa59e07be23a1aaeecfc"},
    {file = "SQLAlchemy-1.4.36-cp36-cp36m-manylinux_2_5_x86_64.manylinux1_x86_64.manylinux_2_12_x86_64.manylinux2010_x86_64.whl", hash = "sha256:16abf35af37a3d5af92725fc9ec507dd9e9183d261c2069b6606d60981ed1c6e"},
    {file = "SQLAlchemy-1.4.36-cp36-cp36m-manylinux_2_5_x86_64.manylinux1_x86_64.manylinux_2_17_x86_64.manylinux2014_x86_64.whl", hash = "sha256:5864a83bd345871ad9699ce466388f836db7572003d67d9392a71998092210e3"},
    {file = "SQLAlchemy-1.4.36-cp36-cp36m-win32.whl", hash = "sha256:fbf8c09fe9728168f8cc1b40c239eab10baf9c422c18be7f53213d70434dea43"},
    {file = "SQLAlchemy-1.4.36-cp36-cp36m-win_amd64.whl", hash = "sha256:6e859fa96605027bd50d8e966db1c4e1b03e7b3267abbc4b89ae658c99393c58"},
    {file = "SQLAlchemy-1.4.36-cp37-cp37m-macosx_10_14_x86_64.whl", hash = "sha256:166a3887ec355f7d2f12738f7fa25dc8ac541867147a255f790f2f41f614cb44"},
    {file = "SQLAlchemy-1.4.36-cp37-cp37m-manylinux_2_17_aarch64.manylinux2014_aarch64.whl", hash = "sha256:2e885548da361aa3f8a9433db4cfb335b2107e533bf314359ae3952821d84b3e"},
    {file = "SQLAlchemy-1.4.36-cp37-cp37m-manylinux_2_5_x86_64.manylinux1_x86_64.manylinux_2_12_x86_64.manylinux2010_x86_64.whl", hash = "sha256:5c90ef955d429966d84326d772eb34333178737ebb669845f1d529eb00c75e72"},
    {file = "SQLAlchemy-1.4.36-cp37-cp37m-manylinux_2_5_x86_64.manylinux1_x86_64.manylinux_2_17_x86_64.manylinux2014_x86_64.whl", hash = "sha256:7a052bd9f53004f8993c624c452dfad8ec600f572dd0ed0445fbe64b22f5570e"},
    {file = "SQLAlchemy-1.4.36-cp37-cp37m-win32.whl", hash = "sha256:dce3468bf1fc12374a1a732c9efd146ce034f91bb0482b602a9311cb6166a920"},
    {file = "SQLAlchemy-1.4.36-cp37-cp37m-win_amd64.whl", hash = "sha256:6cb4c4f57a20710cea277edf720d249d514e587f796b75785ad2c25e1c0fed26"},
    {file = "SQLAlchemy-1.4.36-cp38-cp38-macosx_10_14_x86_64.whl", hash = "sha256:e74ce103b81c375c3853b436297952ef8d7863d801dcffb6728d01544e5191b5"},
    {file = "SQLAlchemy-1.4.36-cp38-cp38-manylinux_2_17_aarch64.manylinux2014_aarch64.whl", hash = "sha256:8b20c4178ead9bc398be479428568ff31b6c296eb22e75776273781a6551973f"},
    {file = "SQLAlchemy-1.4.36-cp38-cp38-manylinux_2_5_x86_64.manylinux1_x86_64.manylinux_2_12_x86_64.manylinux2010_x86_64.whl", hash = "sha256:af2587ae11400157753115612d6c6ad255143efba791406ad8a0cbcccf2edcb3"},
    {file = "SQLAlchemy-1.4.36-cp38-cp38-manylinux_2_5_x86_64.manylinux1_x86_64.manylinux_2_17_x86_64.manylinux2014_x86_64.whl", hash = "sha256:83cf3077712be9f65c9aaa0b5bc47bc1a44789fd45053e2e3ecd59ff17c63fe9"},
    {file = "SQLAlchemy-1.4.36-cp38-cp38-win32.whl", hash = "sha256:ce20f5da141f8af26c123ebaa1b7771835ca6c161225ce728962a79054f528c3"},
    {file = "SQLAlchemy-1.4.36-cp38-cp38-win_amd64.whl", hash = "sha256:316c7e5304dda3e3ad711569ac5d02698bbc71299b168ac56a7076b86259f7ea"},
    {file = "SQLAlchemy-1.4.36-cp39-cp39-macosx_10_15_x86_64.whl", hash = "sha256:f522214f6749bc073262529c056f7dfd660f3b5ec4180c5354d985eb7219801e"},
    {file = "SQLAlchemy-1.4.36-cp39-cp39-manylinux_2_17_aarch64.manylinux2014_aarch64.whl", hash = "sha256:2ecac4db8c1aa4a269f5829df7e706639a24b780d2ac46b3e485cbbd27ec0028"},
    {file = "SQLAlchemy-1.4.36-cp39-cp39-manylinux_2_5_x86_64.manylinux1_x86_64.manylinux_2_12_x86_64.manylinux2010_x86_64.whl", hash = "sha256:b3db741beaa983d4cbf9087558620e7787106319f7e63a066990a70657dd6b35"},
    {file = "SQLAlchemy-1.4.36-cp39-cp39-manylinux_2_5_x86_64.manylinux1_x86_64.manylinux_2_17_x86_64.manylinux2014_x86_64.whl", hash = "sha256:2ec89bf98cc6a0f5d1e28e3ad28e9be6f3b4bdbd521a4053c7ae8d5e1289a8a1"},
    {file = "SQLAlchemy-1.4.36-cp39-cp39-win32.whl", hash = "sha256:e12532c4d3f614678623da5d852f038ace1f01869b89f003ed6fe8c793f0c6a3"},
    {file = "SQLAlchemy-1.4.36-cp39-cp39-win_amd64.whl", hash = "sha256:cb441ca461bf97d00877b607f132772644b623518b39ced54da433215adce691"},
    {file = "SQLAlchemy-1.4.36.tar.gz", hash = "sha256:64678ac321d64a45901ef2e24725ec5e783f1f4a588305e196431447e7ace243"},
]

[package.dependencies]
greenlet = {version = "!=0.4.17", markers = "python_version >= \"3\" and (platform_machine == \"aarch64\" or platform_machine == \"ppc64le\" or platform_machine == \"x86_64\" or platform_machine == \"amd64\" or platform_machine == \"AMD64\" or platform_machine == \"win32\" or platform_machine == \"WIN32\")"}

[package.extras]
aiomysql = ["aiomysql", "greenlet (!=0.4.17)"]
aiosqlite = ["aiosqlite", "greenlet (!=0.4.17)", "typing-extensions (!=3.10.0.1)"]
asyncio = ["greenlet (!=0.4.17)"]
asyncmy = ["asyncmy (>=0.2.3,!=0.2.4)", "greenlet (!=0.4.17)"]
mariadb-connector = ["mariadb (>=1.0.1)"]
mssql = ["pyodbc"]
mssql-pymssql = ["pymssql"]
mssql-pyodbc = ["pyodbc"]
mypy = ["mypy (>=0.910)", "sqlalchemy2-stubs"]
mysql = ["mysqlclient (>=1.4.0)", "mysqlclient (>=1.4.0,<2)"]
mysql-connector = ["mysql-connector-python"]
oracle = ["cx-oracle (>=7)", "cx-oracle (>=7,<8)"]
postgresql = ["psycopg2 (>=2.7)"]
postgresql-asyncpg = ["asyncpg", "greenlet (!=0.4.17)"]
postgresql-pg8000 = ["pg8000 (>=1.16.6)"]
postgresql-psycopg2binary = ["psycopg2-binary"]
postgresql-psycopg2cffi = ["psycopg2cffi"]
pymysql = ["pymysql", "pymysql (<1)"]
sqlcipher = ["sqlcipher3-binary"]

[[package]]
name = "sqlalchemy-utils"
version = "0.41.1"
description = "Various utility functions for SQLAlchemy."
optional = false
python-versions = ">=3.6"
files = [
    {file = "SQLAlchemy-Utils-0.41.1.tar.gz", hash = "sha256:a2181bff01eeb84479e38571d2c0718eb52042f9afd8c194d0d02877e84b7d74"},
    {file = "SQLAlchemy_Utils-0.41.1-py3-none-any.whl", hash = "sha256:6c96b0768ea3f15c0dc56b363d386138c562752b84f647fb8d31a2223aaab801"},
]

[package.dependencies]
SQLAlchemy = ">=1.3"

[package.extras]
arrow = ["arrow (>=0.3.4)"]
babel = ["Babel (>=1.3)"]
color = ["colour (>=0.0.4)"]
encrypted = ["cryptography (>=0.6)"]
intervals = ["intervals (>=0.7.1)"]
password = ["passlib (>=1.6,<2.0)"]
pendulum = ["pendulum (>=2.0.5)"]
phone = ["phonenumbers (>=5.9.2)"]
test = ["Jinja2 (>=2.3)", "Pygments (>=1.2)", "backports.zoneinfo", "docutils (>=0.10)", "flake8 (>=2.4.0)", "flexmock (>=0.9.7)", "isort (>=4.2.2)", "pg8000 (>=1.12.4)", "psycopg (>=3.1.8)", "psycopg2 (>=2.5.1)", "psycopg2cffi (>=2.8.1)", "pymysql", "pyodbc", "pytest (>=2.7.1)", "python-dateutil (>=2.6)", "pytz (>=2014.2)"]
test-all = ["Babel (>=1.3)", "Jinja2 (>=2.3)", "Pygments (>=1.2)", "arrow (>=0.3.4)", "backports.zoneinfo", "colour (>=0.0.4)", "cryptography (>=0.6)", "docutils (>=0.10)", "flake8 (>=2.4.0)", "flexmock (>=0.9.7)", "furl (>=0.4.1)", "intervals (>=0.7.1)", "isort (>=4.2.2)", "passlib (>=1.6,<2.0)", "pendulum (>=2.0.5)", "pg8000 (>=1.12.4)", "phonenumbers (>=5.9.2)", "psycopg (>=3.1.8)", "psycopg2 (>=2.5.1)", "psycopg2cffi (>=2.8.1)", "pymysql", "pyodbc", "pytest (>=2.7.1)", "python-dateutil", "python-dateutil (>=2.6)", "pytz (>=2014.2)"]
timezone = ["python-dateutil"]
url = ["furl (>=0.4.1)"]

[[package]]
name = "sqlalchemy2-stubs"
version = "0.0.2a36"
description = "Typing Stubs for SQLAlchemy 1.4"
optional = false
python-versions = ">=3.6"
files = [
    {file = "sqlalchemy2-stubs-0.0.2a36.tar.gz", hash = "sha256:1c820c176a50401b7b3fc1e25019703b2c0753fe99a79d7e19305146baf1f60f"},
    {file = "sqlalchemy2_stubs-0.0.2a36-py3-none-any.whl", hash = "sha256:9b5b3eb263cdc649b6a5619d2c089b98290406027a01e1de171eeb98c38ce678"},
]

[package.dependencies]
typing-extensions = ">=3.7.4"

[[package]]
name = "sqlmodel"
version = "0.0.11"
description = "SQLModel, SQL databases in Python, designed for simplicity, compatibility, and robustness."
optional = false
python-versions = ">=3.7,<4.0"
files = [
    {file = "sqlmodel-0.0.11-py3-none-any.whl", hash = "sha256:bc0d64c4b901d919d2f16bbd79aefb07cb268c29f7c1dd83a84758772ccc95c6"},
    {file = "sqlmodel-0.0.11.tar.gz", hash = "sha256:fc33abbf7ec29caafabe3d0e1db61e33597857a289e5fd1ecdb91be702b26084"},
]

[package.dependencies]
pydantic = ">=1.9.0,<2.0.0"
SQLAlchemy = ">=1.4.36,<2.0.0"
sqlalchemy2-stubs = "*"

[[package]]
name = "starlette"
version = "0.27.0"
description = "The little ASGI library that shines."
optional = false
python-versions = ">=3.7"
files = [
    {file = "starlette-0.27.0-py3-none-any.whl", hash = "sha256:918416370e846586541235ccd38a474c08b80443ed31c578a418e2209b3eef91"},
    {file = "starlette-0.27.0.tar.gz", hash = "sha256:6a6b0d042acb8d469a01eba54e9cda6cbd24ac602c4cd016723117d6a7e73b75"},
]

[package.dependencies]
anyio = ">=3.4.0,<5"

[package.extras]
full = ["httpx (>=0.22.0)", "itsdangerous", "jinja2", "python-multipart", "pyyaml"]

[[package]]
name = "typing-extensions"
version = "4.8.0"
description = "Backported and Experimental Type Hints for Python 3.8+"
optional = false
python-versions = ">=3.8"
files = [
    {file = "typing_extensions-4.8.0-py3-none-any.whl", hash = "sha256:8f92fc8806f9a6b641eaa5318da32b44d401efaac0f6678c9bc448ba3605faa0"},
    {file = "typing_extensions-4.8.0.tar.gz", hash = "sha256:df8e4339e9cb77357558cbdbceca33c303714cf861d1eef15e1070055ae8b7ef"},
]

[[package]]
name = "uvicorn"
version = "0.24.0.post1"
description = "The lightning-fast ASGI server."
optional = false
python-versions = ">=3.8"
files = [
    {file = "uvicorn-0.24.0.post1-py3-none-any.whl", hash = "sha256:7c84fea70c619d4a710153482c0d230929af7bcf76c7bfa6de151f0a3a80121e"},
    {file = "uvicorn-0.24.0.post1.tar.gz", hash = "sha256:09c8e5a79dc466bdf28dead50093957db184de356fcdc48697bad3bde4c2588e"},
]

[package.dependencies]
click = ">=7.0"
h11 = ">=0.8"
typing-extensions = {version = ">=4.0", markers = "python_version < \"3.11\""}

[package.extras]
standard = ["colorama (>=0.4)", "httptools (>=0.5.0)", "python-dotenv (>=0.13)", "pyyaml (>=5.1)", "uvloop (>=0.14.0,!=0.15.0,!=0.15.1)", "watchfiles (>=0.13)", "websockets (>=10.4)"]

[metadata]
lock-version = "2.0"
python-versions = "^3.10"
content-hash = "52773b1229874d4e7a321828a27c3800ff999d812db81fe4479568d1a0deff7f"
